
Microsoft Visual Studio Solution File, Format Version 12.00
# Visual Studio Version 16
VisualStudioVersion = 16.0.31727.386
MinimumVisualStudioVersion = 10.0.40219.1
Project("{8BC9CEB8-8B4A-11D0-8D11-00A0C91BC942}") = "dkx_bike", "dkx_bike.vcxproj", "{F111F309-78BA-4D5A-8A3E-740E843695D9}"
EndProject
Global
	GlobalSection(SolutionConfigurationPlatforms) = preSolution
		Debug|ARM = Debug|ARM
		Debug|ARM64 = Debug|ARM64
		Debug|x64 = Debug|x64
		Debug|x86 = Debug|x86
		Release|ARM = Release|ARM
		Release|ARM64 = Release|ARM64
		Release|x64 = Release|x64
		Release|x86 = Release|x86
	EndGlobalSection
	GlobalSection(ProjectConfigurationPlatforms) = postSolution
		{F111F309-78BA-4D5A-8A3E-740E843695D9}.Debug|ARM.ActiveCfg = Debug|ARM
		{F111F309-78BA-4D5A-8A3E-740E843695D9}.Debug|ARM.Build.0 = Debug|ARM
		{F111F309-78BA-4D5A-8A3E-740E843695D9}.Debug|ARM.Deploy.0 = Debug|ARM
		{F111F309-78BA-4D5A-8A3E-740E843695D9}.Debug|ARM64.ActiveCfg = Debug|ARM64
		{F111F309-78BA-4D5A-8A3E-740E843695D9}.Debug|ARM64.Build.0 = Debug|ARM64
		{F111F309-78BA-4D5A-8A3E-740E843695D9}.Debug|ARM64.Deploy.0 = Debug|ARM64
		{F111F309-78BA-4D5A-8A3E-740E843695D9}.Debug|x64.ActiveCfg = Debug|x64
		{F111F309-78BA-4D5A-8A3E-740E843695D9}.Debug|x64.Build.0 = Debug|x64
		{F111F309-78BA-4D5A-8A3E-740E843695D9}.Debug|x64.Deploy.0 = Debug|x64
		{F111F309-78BA-4D5A-8A3E-740E843695D9}.Debug|x86.ActiveCfg = Debug|x86
		{F111F309-78BA-4D5A-8A3E-740E843695D9}.Debug|x86.Build.0 = Debug|x86
		{F111F309-78BA-4D5A-8A3E-740E843695D9}.Debug|x86.Deploy.0 = Debug|x86
		{F111F309-78BA-4D5A-8A3E-740E843695D9}.Release|ARM.ActiveCfg = Release|ARM
		{F111F309-78BA-4D5A-8A3E-740E843695D9}.Release|ARM.Build.0 = Release|ARM
		{F111F309-78BA-4D5A-8A3E-740E843695D9}.Release|ARM.Deploy.0 = Release|ARM
		{F111F309-78BA-4D5A-8A3E-740E843695D9}.Release|ARM64.ActiveCfg = Release|ARM64
		{F111F309-78BA-4D5A-8A3E-740E843695D9}.Release|ARM64.Build.0 = Release|ARM64
		{F111F309-78BA-4D5A-8A3E-740E843695D9}.Release|ARM64.Deploy.0 = Release|ARM64
		{F111F309-78BA-4D5A-8A3E-740E843695D9}.Release|x64.ActiveCfg = Release|x64
		{F111F309-78BA-4D5A-8A3E-740E843695D9}.Release|x64.Build.0 = Release|x64
		{F111F309-78BA-4D5A-8A3E-740E843695D9}.Release|x64.Deploy.0 = Release|x64
		{F111F309-78BA-4D5A-8A3E-740E843695D9}.Release|x86.ActiveCfg = Release|x86
		{F111F309-78BA-4D5A-8A3E-740E843695D9}.Release|x86.Build.0 = Release|x86
		{F111F309-78BA-4D5A-8A3E-740E843695D9}.Release|x86.Deploy.0 = Release|x86
	EndGlobalSection
	GlobalSection(SolutionProperties) = preSolution
		HideSolutionNode = FALSE
	EndGlobalSection
	GlobalSection(ExtensibilityGlobals) = postSolution
		SolutionGuid = {4E49331E-2295-4182-8F7B-DF7F166FF370}
	EndGlobalSection
EndGlobal
